
Microsoft Visual Studio Solution File, Format Version 12.00
Project("{FAE04EC0-301F-11D3-BF4B-00C04F79EFBC}") = "BaseApiPerfTests", "BaseApiPerfTests.csproj", "{AC52A102-D461-4C40-9049-DAAD77D3ACC9}"
EndProject
Global
	GlobalSection(SolutionConfigurationPlatforms) = preSolution
		Debug|Any CPU = Debug|Any CPU
		Release|Any CPU = Release|Any CPU
	EndGlobalSection
	GlobalSection(ProjectConfigurationPlatforms) = postSolution
		{AC52A102-D461-4C40-9049-DAAD77D3ACC9}.Debug|Any CPU.ActiveCfg = Debug|Any CPU
		{AC52A102-D461-4C40-9049-DAAD77D3ACC9}.Debug|Any CPU.Build.0 = Debug|Any CPU
		{AC52A102-D461-4C40-9049-DAAD77D3ACC9}.Release|Any CPU.ActiveCfg = Release|Any CPU
		{AC52A102-D461-4C40-9049-DAAD77D3ACC9}.Release|Any CPU.Build.0 = Release|Any CPU
	EndGlobalSection
EndGlobal
